// !$*UTF8*$!
{
	archiveVersion = 1;
	classes = {
	};
	objectVersion = 51;
	objects = {

/* Begin PBXBuildFile section */
		031216AA24300E72002CF516 /* Color.xcassets in Resources */ = {isa = PBXBuildFile; fileRef = 031216A924300E72002CF516 /* Color.xcassets */; };
		031216AC24300F39002CF516 /* SignIn.storyboard in Resources */ = {isa = PBXBuildFile; fileRef = 031216AB24300F39002CF516 /* SignIn.storyboard */; };
		031216AE24300F45002CF516 /* SignUp.storyboard in Resources */ = {isa = PBXBuildFile; fileRef = 031216AD24300F45002CF516 /* SignUp.storyboard */; };
		031216B024300F5B002CF516 /* Shop.storyboard in Resources */ = {isa = PBXBuildFile; fileRef = 031216AF24300F5B002CF516 /* Shop.storyboard */; };
		031216B324301798002CF516 /* UIView+Extension.swift in Sources */ = {isa = PBXBuildFile; fileRef = 031216B224301798002CF516 /* UIView+Extension.swift */; };
		03CBC34524303F8400B24D83 /* SignInStep1ViewController.swift in Sources */ = {isa = PBXBuildFile; fileRef = 03CBC34424303F8400B24D83 /* SignInStep1ViewController.swift */; };
		03CBC3472430442A00B24D83 /* SignInStep2ViewController.swift in Sources */ = {isa = PBXBuildFile; fileRef = 03CBC3462430442A00B24D83 /* SignInStep2ViewController.swift */; };
		03CBC34924304E5C00B24D83 /* SignUpStep1ViewController.swift in Sources */ = {isa = PBXBuildFile; fileRef = 03CBC34824304E5C00B24D83 /* SignUpStep1ViewController.swift */; };
		03CBC34B24304E7D00B24D83 /* SignUpStep2ViewController.swift in Sources */ = {isa = PBXBuildFile; fileRef = 03CBC34A24304E7D00B24D83 /* SignUpStep2ViewController.swift */; };
		03CBC34D24304E8B00B24D83 /* SignUpStep3ViewController.swift in Sources */ = {isa = PBXBuildFile; fileRef = 03CBC34C24304E8B00B24D83 /* SignUpStep3ViewController.swift */; };
		03CBC34F2430552600B24D83 /* pandastep2.json in Resources */ = {isa = PBXBuildFile; fileRef = 03CBC34E2430552600B24D83 /* pandastep2.json */; };
		03D56E0A2430075B00AF7273 /* AppDelegate.swift in Sources */ = {isa = PBXBuildFile; fileRef = 03D56E092430075B00AF7273 /* AppDelegate.swift */; };
		03D56E0C2430075B00AF7273 /* SceneDelegate.swift in Sources */ = {isa = PBXBuildFile; fileRef = 03D56E0B2430075B00AF7273 /* SceneDelegate.swift */; };
		03D56E0E2430075B00AF7273 /* ViewController.swift in Sources */ = {isa = PBXBuildFile; fileRef = 03D56E0D2430075B00AF7273 /* ViewController.swift */; };
		03D56E112430075B00AF7273 /* Main.storyboard in Resources */ = {isa = PBXBuildFile; fileRef = 03D56E0F2430075B00AF7273 /* Main.storyboard */; };
		03D56E132430075C00AF7273 /* Assets.xcassets in Resources */ = {isa = PBXBuildFile; fileRef = 03D56E122430075C00AF7273 /* Assets.xcassets */; };
		03D56E162430075C00AF7273 /* LaunchScreen.storyboard in Resources */ = {isa = PBXBuildFile; fileRef = 03D56E142430075C00AF7273 /* LaunchScreen.storyboard */; };
		03E297AF24305CC400D6E096 /* Fight.storyboard in Resources */ = {isa = PBXBuildFile; fileRef = 03E297AE24305CC400D6E096 /* Fight.storyboard */; };
		03E297B124305F7200D6E096 /* FriendListViewController.swift in Sources */ = {isa = PBXBuildFile; fileRef = 03E297B024305F7200D6E096 /* FriendListViewController.swift */; };
		03E297B32430615500D6E096 /* FriendListTableViewCell.swift in Sources */ = {isa = PBXBuildFile; fileRef = 03E297B22430615500D6E096 /* FriendListTableViewCell.swift */; };
		03E297B72430734000D6E096 /* pandastep3.json in Resources */ = {isa = PBXBuildFile; fileRef = 03E297B42430734000D6E096 /* pandastep3.json */; };
		03E297B82430734000D6E096 /* pandastep4.json in Resources */ = {isa = PBXBuildFile; fileRef = 03E297B52430734000D6E096 /* pandastep4.json */; };
		03E297B92430734000D6E096 /* pandastep1.json in Resources */ = {isa = PBXBuildFile; fileRef = 03E297B62430734000D6E096 /* pandastep1.json */; };
		03E297BB2430824200D6E096 /* KeyBoardViewController.swift in Sources */ = {isa = PBXBuildFile; fileRef = 03E297BA2430824200D6E096 /* KeyBoardViewController.swift */; };
		03E297BD24308CD500D6E096 /* String+Extension.swift in Sources */ = {isa = PBXBuildFile; fileRef = 03E297BC24308CD500D6E096 /* String+Extension.swift */; };
		03E297C024309B1900D6E096 /* PandaGoProvider.swift in Sources */ = {isa = PBXBuildFile; fileRef = 03E297BF24309B1900D6E096 /* PandaGoProvider.swift */; };
		03E297C224309B2600D6E096 /* PandaGoService.swift in Sources */ = {isa = PBXBuildFile; fileRef = 03E297C124309B2600D6E096 /* PandaGoService.swift */; };
		03E297C72430A4F700D6E096 /* VerificationResponse.swift in Sources */ = {isa = PBXBuildFile; fileRef = 03E297C62430A4F700D6E096 /* VerificationResponse.swift */; };
		03E297C92430A9C300D6E096 /* PandaInfoResponse.swift in Sources */ = {isa = PBXBuildFile; fileRef = 03E297C82430A9C300D6E096 /* PandaInfoResponse.swift */; };
		C464E9488773D5830F4128C1 /* Pods_PandaGo_iOS.framework in Frameworks */ = {isa = PBXBuildFile; fileRef = 2C31635E18C563F1EA06D545 /* Pods_PandaGo_iOS.framework */; };
/* End PBXBuildFile section */

/* Begin PBXFileReference section */
		031216A924300E72002CF516 /* Color.xcassets */ = {isa = PBXFileReference; lastKnownFileType = folder.assetcatalog; path = Color.xcassets; sourceTree = "<group>"; };
		031216AB24300F39002CF516 /* SignIn.storyboard */ = {isa = PBXFileReference; lastKnownFileType = file.storyboard; path = SignIn.storyboard; sourceTree = "<group>"; };
		031216AD24300F45002CF516 /* SignUp.storyboard */ = {isa = PBXFileReference; lastKnownFileType = file.storyboard; path = SignUp.storyboard; sourceTree = "<group>"; };
		031216AF24300F5B002CF516 /* Shop.storyboard */ = {isa = PBXFileReference; lastKnownFileType = file.storyboard; path = Shop.storyboard; sourceTree = "<group>"; };
		031216B224301798002CF516 /* UIView+Extension.swift */ = {isa = PBXFileReference; lastKnownFileType = sourcecode.swift; path = "UIView+Extension.swift"; sourceTree = "<group>"; };
		03CBC34424303F8400B24D83 /* SignInStep1ViewController.swift */ = {isa = PBXFileReference; lastKnownFileType = sourcecode.swift; path = SignInStep1ViewController.swift; sourceTree = "<group>"; };
		03CBC3462430442A00B24D83 /* SignInStep2ViewController.swift */ = {isa = PBXFileReference; lastKnownFileType = sourcecode.swift; path = SignInStep2ViewController.swift; sourceTree = "<group>"; };
		03CBC34824304E5C00B24D83 /* SignUpStep1ViewController.swift */ = {isa = PBXFileReference; lastKnownFileType = sourcecode.swift; path = SignUpStep1ViewController.swift; sourceTree = "<group>"; };
		03CBC34A24304E7D00B24D83 /* SignUpStep2ViewController.swift */ = {isa = PBXFileReference; lastKnownFileType = sourcecode.swift; path = SignUpStep2ViewController.swift; sourceTree = "<group>"; };
		03CBC34C24304E8B00B24D83 /* SignUpStep3ViewController.swift */ = {isa = PBXFileReference; lastKnownFileType = sourcecode.swift; path = SignUpStep3ViewController.swift; sourceTree = "<group>"; };
		03CBC34E2430552600B24D83 /* pandastep2.json */ = {isa = PBXFileReference; fileEncoding = 4; lastKnownFileType = text.json; path = pandastep2.json; sourceTree = "<group>"; };
		03D56E062430075B00AF7273 /* PandaGo.app */ = {isa = PBXFileReference; explicitFileType = wrapper.application; includeInIndex = 0; path = PandaGo.app; sourceTree = BUILT_PRODUCTS_DIR; };
		03D56E092430075B00AF7273 /* AppDelegate.swift */ = {isa = PBXFileReference; lastKnownFileType = sourcecode.swift; path = AppDelegate.swift; sourceTree = "<group>"; };
		03D56E0B2430075B00AF7273 /* SceneDelegate.swift */ = {isa = PBXFileReference; lastKnownFileType = sourcecode.swift; path = SceneDelegate.swift; sourceTree = "<group>"; };
		03D56E0D2430075B00AF7273 /* ViewController.swift */ = {isa = PBXFileReference; lastKnownFileType = sourcecode.swift; path = ViewController.swift; sourceTree = "<group>"; };
		03D56E102430075B00AF7273 /* Base */ = {isa = PBXFileReference; lastKnownFileType = file.storyboard; name = Base; path = Base.lproj/Main.storyboard; sourceTree = "<group>"; };
		03D56E122430075C00AF7273 /* Assets.xcassets */ = {isa = PBXFileReference; lastKnownFileType = folder.assetcatalog; path = Assets.xcassets; sourceTree = "<group>"; };
		03D56E152430075C00AF7273 /* Base */ = {isa = PBXFileReference; lastKnownFileType = file.storyboard; name = Base; path = Base.lproj/LaunchScreen.storyboard; sourceTree = "<group>"; };
		03D56E172430075C00AF7273 /* Info.plist */ = {isa = PBXFileReference; lastKnownFileType = text.plist.xml; path = Info.plist; sourceTree = "<group>"; };
		03E297AE24305CC400D6E096 /* Fight.storyboard */ = {isa = PBXFileReference; lastKnownFileType = file.storyboard; path = Fight.storyboard; sourceTree = "<group>"; };
		03E297B024305F7200D6E096 /* FriendListViewController.swift */ = {isa = PBXFileReference; lastKnownFileType = sourcecode.swift; path = FriendListViewController.swift; sourceTree = "<group>"; };
		03E297B22430615500D6E096 /* FriendListTableViewCell.swift */ = {isa = PBXFileReference; lastKnownFileType = sourcecode.swift; path = FriendListTableViewCell.swift; sourceTree = "<group>"; };
		03E297B42430734000D6E096 /* pandastep3.json */ = {isa = PBXFileReference; fileEncoding = 4; lastKnownFileType = text.json; path = pandastep3.json; sourceTree = "<group>"; };
		03E297B52430734000D6E096 /* pandastep4.json */ = {isa = PBXFileReference; fileEncoding = 4; lastKnownFileType = text.json; path = pandastep4.json; sourceTree = "<group>"; };
		03E297B62430734000D6E096 /* pandastep1.json */ = {isa = PBXFileReference; fileEncoding = 4; lastKnownFileType = text.json; path = pandastep1.json; sourceTree = "<group>"; };
		03E297BA2430824200D6E096 /* KeyBoardViewController.swift */ = {isa = PBXFileReference; lastKnownFileType = sourcecode.swift; path = KeyBoardViewController.swift; sourceTree = "<group>"; };
		03E297BC24308CD500D6E096 /* String+Extension.swift */ = {isa = PBXFileReference; lastKnownFileType = sourcecode.swift; path = "String+Extension.swift"; sourceTree = "<group>"; };
		03E297BF24309B1900D6E096 /* PandaGoProvider.swift */ = {isa = PBXFileReference; lastKnownFileType = sourcecode.swift; path = PandaGoProvider.swift; sourceTree = "<group>"; };
		03E297C124309B2600D6E096 /* PandaGoService.swift */ = {isa = PBXFileReference; lastKnownFileType = sourcecode.swift; path = PandaGoService.swift; sourceTree = "<group>"; };
		03E297C62430A4F700D6E096 /* VerificationResponse.swift */ = {isa = PBXFileReference; lastKnownFileType = sourcecode.swift; path = VerificationResponse.swift; sourceTree = "<group>"; };
		03E297C82430A9C300D6E096 /* PandaInfoResponse.swift */ = {isa = PBXFileReference; lastKnownFileType = sourcecode.swift; path = PandaInfoResponse.swift; sourceTree = "<group>"; };
		2C31635E18C563F1EA06D545 /* Pods_PandaGo_iOS.framework */ = {isa = PBXFileReference; explicitFileType = wrapper.framework; includeInIndex = 0; path = Pods_PandaGo_iOS.framework; sourceTree = BUILT_PRODUCTS_DIR; };
		82BD1E4D5B91B114161CAB5B /* Pods-PandaGo-iOS.release.xcconfig */ = {isa = PBXFileReference; includeInIndex = 1; lastKnownFileType = text.xcconfig; name = "Pods-PandaGo-iOS.release.xcconfig"; path = "Target Support Files/Pods-PandaGo-iOS/Pods-PandaGo-iOS.release.xcconfig"; sourceTree = "<group>"; };
		D3AA34FFB5F25E28BF1EA948 /* Pods-PandaGo-iOS.debug.xcconfig */ = {isa = PBXFileReference; includeInIndex = 1; lastKnownFileType = text.xcconfig; name = "Pods-PandaGo-iOS.debug.xcconfig"; path = "Target Support Files/Pods-PandaGo-iOS/Pods-PandaGo-iOS.debug.xcconfig"; sourceTree = "<group>"; };
/* End PBXFileReference section */

/* Begin PBXFrameworksBuildPhase section */
		03D56E032430075B00AF7273 /* Frameworks */ = {
			isa = PBXFrameworksBuildPhase;
			buildActionMask = 2147483647;
			files = (
				C464E9488773D5830F4128C1 /* Pods_PandaGo_iOS.framework in Frameworks */,
			);
			runOnlyForDeploymentPostprocessing = 0;
		};
/* End PBXFrameworksBuildPhase section */

/* Begin PBXGroup section */
		031216A624300CFA002CF516 /* SignIn */ = {
			isa = PBXGroup;
			children = (
				031216AB24300F39002CF516 /* SignIn.storyboard */,
				031216AD24300F45002CF516 /* SignUp.storyboard */,
				03CBC34424303F8400B24D83 /* SignInStep1ViewController.swift */,
				03CBC3462430442A00B24D83 /* SignInStep2ViewController.swift */,
				03CBC34824304E5C00B24D83 /* SignUpStep1ViewController.swift */,
				03CBC34A24304E7D00B24D83 /* SignUpStep2ViewController.swift */,
				03CBC34C24304E8B00B24D83 /* SignUpStep3ViewController.swift */,
			);
			path = SignIn;
			sourceTree = "<group>";
		};
		031216A724300D13002CF516 /* Main */ = {
			isa = PBXGroup;
			children = (
				03D56E0D2430075B00AF7273 /* ViewController.swift */,
				03D56E0F2430075B00AF7273 /* Main.storyboard */,
				03E297AE24305CC400D6E096 /* Fight.storyboard */,
				03E297B024305F7200D6E096 /* FriendListViewController.swift */,
				03E297B22430615500D6E096 /* FriendListTableViewCell.swift */,
			);
			path = Main;
			sourceTree = "<group>";
		};
		031216A824300D1F002CF516 /* Shop */ = {
			isa = PBXGroup;
			children = (
				031216AF24300F5B002CF516 /* Shop.storyboard */,
			);
			path = Shop;
			sourceTree = "<group>";
		};
		031216B124301779002CF516 /* Extensions */ = {
			isa = PBXGroup;
			children = (
				031216B224301798002CF516 /* UIView+Extension.swift */,
				03E297BA2430824200D6E096 /* KeyBoardViewController.swift */,
				03E297BC24308CD500D6E096 /* String+Extension.swift */,
			);
			path = Extensions;
			sourceTree = "<group>";
		};
		031216B424301CAB002CF516 /* PandaAnimations */ = {
			isa = PBXGroup;
			children = (
				03E297B62430734000D6E096 /* pandastep1.json */,
				03E297B42430734000D6E096 /* pandastep3.json */,
				03E297B52430734000D6E096 /* pandastep4.json */,
				03CBC34E2430552600B24D83 /* pandastep2.json */,
			);
			path = PandaAnimations;
			sourceTree = "<group>";
		};
		03D56DFD2430075B00AF7273 = {
			isa = PBXGroup;
			children = (
				03D56E082430075B00AF7273 /* PandaGo-iOS */,
				03D56E072430075B00AF7273 /* Products */,
				B1A8F0487FCA11BDD6F3A78A /* Pods */,
				8908A5A083B51FE2E8176EE4 /* Frameworks */,
			);
			sourceTree = "<group>";
		};
		03D56E072430075B00AF7273 /* Products */ = {
			isa = PBXGroup;
			children = (
				03D56E062430075B00AF7273 /* PandaGo.app */,
			);
			name = Products;
			sourceTree = "<group>";
		};
		03D56E082430075B00AF7273 /* PandaGo-iOS */ = {
			isa = PBXGroup;
			children = (
				03E297BE24309AC300D6E096 /* Network */,
				031216B424301CAB002CF516 /* PandaAnimations */,
				031216B124301779002CF516 /* Extensions */,
				031216A824300D1F002CF516 /* Shop */,
				031216A724300D13002CF516 /* Main */,
				031216A624300CFA002CF516 /* SignIn */,
				03D56E092430075B00AF7273 /* AppDelegate.swift */,
				03D56E0B2430075B00AF7273 /* SceneDelegate.swift */,
				03D56E122430075C00AF7273 /* Assets.xcassets */,
				03D56E142430075C00AF7273 /* LaunchScreen.storyboard */,
				03D56E172430075C00AF7273 /* Info.plist */,
				031216A924300E72002CF516 /* Color.xcassets */,
			);
			path = "PandaGo-iOS";
			sourceTree = "<group>";
		};
		03E297BE24309AC300D6E096 /* Network */ = {
			isa = PBXGroup;
			children = (
				03E297C32430A3AF00D6E096 /* Response */,
				03E297BF24309B1900D6E096 /* PandaGoProvider.swift */,
				03E297C124309B2600D6E096 /* PandaGoService.swift */,
			);
			path = Network;
			sourceTree = "<group>";
		};
		03E297C32430A3AF00D6E096 /* Response */ = {
			isa = PBXGroup;
			children = (
				03E297C62430A4F700D6E096 /* VerificationResponse.swift */,
				03E297C82430A9C300D6E096 /* PandaInfoResponse.swift */,
			);
			path = Response;
			sourceTree = "<group>";
		};
		8908A5A083B51FE2E8176EE4 /* Frameworks */ = {
			isa = PBXGroup;
			children = (
				2C31635E18C563F1EA06D545 /* Pods_PandaGo_iOS.framework */,
			);
			name = Frameworks;
			sourceTree = "<group>";
		};
		B1A8F0487FCA11BDD6F3A78A /* Pods */ = {
			isa = PBXGroup;
			children = (
				D3AA34FFB5F25E28BF1EA948 /* Pods-PandaGo-iOS.debug.xcconfig */,
				82BD1E4D5B91B114161CAB5B /* Pods-PandaGo-iOS.release.xcconfig */,
			);
			path = Pods;
			sourceTree = "<group>";
		};
/* End PBXGroup section */

/* Begin PBXNativeTarget section */
		03D56E052430075B00AF7273 /* PandaGo-iOS */ = {
			isa = PBXNativeTarget;
			buildConfigurationList = 03D56E1A2430075C00AF7273 /* Build configuration list for PBXNativeTarget "PandaGo-iOS" */;
			buildPhases = (
				24CE8DDC2FA43E892808DE47 /* [CP] Check Pods Manifest.lock */,
				03D56E022430075B00AF7273 /* Sources */,
				03D56E032430075B00AF7273 /* Frameworks */,
				03D56E042430075B00AF7273 /* Resources */,
				09A0871F097348C6F958DDC5 /* [CP] Embed Pods Frameworks */,
			);
			buildRules = (
			);
			dependencies = (
			);
			name = "PandaGo-iOS";
			productName = "PandaGo-iOS";
			productReference = 03D56E062430075B00AF7273 /* PandaGo.app */;
			productType = "com.apple.product-type.application";
		};
/* End PBXNativeTarget section */

/* Begin PBXProject section */
		03D56DFE2430075B00AF7273 /* Project object */ = {
			isa = PBXProject;
			attributes = {
				LastSwiftUpdateCheck = 1130;
				LastUpgradeCheck = 1130;
				ORGANIZATIONNAME = sjkim;
				TargetAttributes = {
					03D56E052430075B00AF7273 = {
						CreatedOnToolsVersion = 11.3.1;
					};
				};
			};
			buildConfigurationList = 03D56E012430075B00AF7273 /* Build configuration list for PBXProject "PandaGo-iOS" */;
			compatibilityVersion = "Xcode 9.3";
			developmentRegion = en;
			hasScannedForEncodings = 0;
			knownRegions = (
				en,
				Base,
			);
			mainGroup = 03D56DFD2430075B00AF7273;
			productRefGroup = 03D56E072430075B00AF7273 /* Products */;
			projectDirPath = "";
			projectRoot = "";
			targets = (
				03D56E052430075B00AF7273 /* PandaGo-iOS */,
			);
		};
/* End PBXProject section */

/* Begin PBXResourcesBuildPhase section */
		03D56E042430075B00AF7273 /* Resources */ = {
			isa = PBXResourcesBuildPhase;
			buildActionMask = 2147483647;
			files = (
				03E297B72430734000D6E096 /* pandastep3.json in Resources */,
				03E297B82430734000D6E096 /* pandastep4.json in Resources */,
				03E297AF24305CC400D6E096 /* Fight.storyboard in Resources */,
				03D56E162430075C00AF7273 /* LaunchScreen.storyboard in Resources */,
				031216AC24300F39002CF516 /* SignIn.storyboard in Resources */,
				031216AE24300F45002CF516 /* SignUp.storyboard in Resources */,
				03CBC34F2430552600B24D83 /* pandastep2.json in Resources */,
				031216AA24300E72002CF516 /* Color.xcassets in Resources */,
				03E297B92430734000D6E096 /* pandastep1.json in Resources */,
				031216B024300F5B002CF516 /* Shop.storyboard in Resources */,
				03D56E132430075C00AF7273 /* Assets.xcassets in Resources */,
				03D56E112430075B00AF7273 /* Main.storyboard in Resources */,
			);
			runOnlyForDeploymentPostprocessing = 0;
		};
/* End PBXResourcesBuildPhase section */

/* Begin PBXShellScriptBuildPhase section */
		09A0871F097348C6F958DDC5 /* [CP] Embed Pods Frameworks */ = {
			isa = PBXShellScriptBuildPhase;
			buildActionMask = 2147483647;
			files = (
			);
			inputFileListPaths = (
				"${PODS_ROOT}/Target Support Files/Pods-PandaGo-iOS/Pods-PandaGo-iOS-frameworks-${CONFIGURATION}-input-files.xcfilelist",
			);
			name = "[CP] Embed Pods Frameworks";
			outputFileListPaths = (
				"${PODS_ROOT}/Target Support Files/Pods-PandaGo-iOS/Pods-PandaGo-iOS-frameworks-${CONFIGURATION}-output-files.xcfilelist",
			);
			runOnlyForDeploymentPostprocessing = 0;
			shellPath = /bin/sh;
			shellScript = "\"${PODS_ROOT}/Target Support Files/Pods-PandaGo-iOS/Pods-PandaGo-iOS-frameworks.sh\"\n";
			showEnvVarsInLog = 0;
		};
		24CE8DDC2FA43E892808DE47 /* [CP] Check Pods Manifest.lock */ = {
			isa = PBXShellScriptBuildPhase;
			buildActionMask = 2147483647;
			files = (
			);
			inputFileListPaths = (
			);
			inputPaths = (
				"${PODS_PODFILE_DIR_PATH}/Podfile.lock",
				"${PODS_ROOT}/Manifest.lock",
			);
			name = "[CP] Check Pods Manifest.lock";
			outputFileListPaths = (
			);
			outputPaths = (
				"$(DERIVED_FILE_DIR)/Pods-PandaGo-iOS-checkManifestLockResult.txt",
			);
			runOnlyForDeploymentPostprocessing = 0;
			shellPath = /bin/sh;
			shellScript = "diff \"${PODS_PODFILE_DIR_PATH}/Podfile.lock\" \"${PODS_ROOT}/Manifest.lock\" > /dev/null\nif [ $? != 0 ] ; then\n    # print error to STDERR\n    echo \"error: The sandbox is not in sync with the Podfile.lock. Run 'pod install' or update your CocoaPods installation.\" >&2\n    exit 1\nfi\n# This output is used by Xcode 'outputs' to avoid re-running this script phase.\necho \"SUCCESS\" > \"${SCRIPT_OUTPUT_FILE_0}\"\n";
			showEnvVarsInLog = 0;
		};
/* End PBXShellScriptBuildPhase section */

/* Begin PBXSourcesBuildPhase section */
		03D56E022430075B00AF7273 /* Sources */ = {
			isa = PBXSourcesBuildPhase;
			buildActionMask = 2147483647;
			files = (
				03E297B124305F7200D6E096 /* FriendListViewController.swift in Sources */,
				03D56E0E2430075B00AF7273 /* ViewController.swift in Sources */,
				03E297C92430A9C300D6E096 /* PandaInfoResponse.swift in Sources */,
				03D56E0A2430075B00AF7273 /* AppDelegate.swift in Sources */,
				03E297C024309B1900D6E096 /* PandaGoProvider.swift in Sources */,
				03CBC34924304E5C00B24D83 /* SignUpStep1ViewController.swift in Sources */,
				03CBC34524303F8400B24D83 /* SignInStep1ViewController.swift in Sources */,
				03CBC3472430442A00B24D83 /* SignInStep2ViewController.swift in Sources */,
				03E297C72430A4F700D6E096 /* VerificationResponse.swift in Sources */,
				03E297BD24308CD500D6E096 /* String+Extension.swift in Sources */,
				03CBC34B24304E7D00B24D83 /* SignUpStep2ViewController.swift in Sources */,
				03E297B32430615500D6E096 /* FriendListTableViewCell.swift in Sources */,
				031216B324301798002CF516 /* UIView+Extension.swift in Sources */,
				03E297C224309B2600D6E096 /* PandaGoService.swift in Sources */,
				03D56E0C2430075B00AF7273 /* SceneDelegate.swift in Sources */,
				03CBC34D24304E8B00B24D83 /* SignUpStep3ViewController.swift in Sources */,
				03E297BB2430824200D6E096 /* KeyBoardViewController.swift in Sources */,
			);
			runOnlyForDeploymentPostprocessing = 0;
		};
/* End PBXSourcesBuildPhase section */

/* Begin PBXVariantGroup section */
		03D56E0F2430075B00AF7273 /* Main.storyboard */ = {
			isa = PBXVariantGroup;
			children = (
				03D56E102430075B00AF7273 /* Base */,
			);
			name = Main.storyboard;
			sourceTree = "<group>";
		};
		03D56E142430075C00AF7273 /* LaunchScreen.storyboard */ = {
			isa = PBXVariantGroup;
			children = (
				03D56E152430075C00AF7273 /* Base */,
			);
			name = LaunchScreen.storyboard;
			sourceTree = "<group>";
		};
/* End PBXVariantGroup section */

/* Begin XCBuildConfiguration section */
		03D56E182430075C00AF7273 /* Debug */ = {
			isa = XCBuildConfiguration;
			buildSettings = {
				ALWAYS_SEARCH_USER_PATHS = NO;
				CLANG_ANALYZER_NONNULL = YES;
				CLANG_ANALYZER_NUMBER_OBJECT_CONVERSION = YES_AGGRESSIVE;
				CLANG_CXX_LANGUAGE_STANDARD = "gnu++14";
				CLANG_CXX_LIBRARY = "libc++";
				CLANG_ENABLE_MODULES = YES;
				CLANG_ENABLE_OBJC_ARC = YES;
				CLANG_ENABLE_OBJC_WEAK = YES;
				CLANG_WARN_BLOCK_CAPTURE_AUTORELEASING = YES;
				CLANG_WARN_BOOL_CONVERSION = YES;
				CLANG_WARN_COMMA = YES;
				CLANG_WARN_CONSTANT_CONVERSION = YES;
				CLANG_WARN_DEPRECATED_OBJC_IMPLEMENTATIONS = YES;
				CLANG_WARN_DIRECT_OBJC_ISA_USAGE = YES_ERROR;
				CLANG_WARN_DOCUMENTATION_COMMENTS = YES;
				CLANG_WARN_EMPTY_BODY = YES;
				CLANG_WARN_ENUM_CONVERSION = YES;
				CLANG_WARN_INFINITE_RECURSION = YES;
				CLANG_WARN_INT_CONVERSION = YES;
				CLANG_WARN_NON_LITERAL_NULL_CONVERSION = YES;
				CLANG_WARN_OBJC_IMPLICIT_RETAIN_SELF = YES;
				CLANG_WARN_OBJC_LITERAL_CONVERSION = YES;
				CLANG_WARN_OBJC_ROOT_CLASS = YES_ERROR;
				CLANG_WARN_RANGE_LOOP_ANALYSIS = YES;
				CLANG_WARN_STRICT_PROTOTYPES = YES;
				CLANG_WARN_SUSPICIOUS_MOVE = YES;
				CLANG_WARN_UNGUARDED_AVAILABILITY = YES_AGGRESSIVE;
				CLANG_WARN_UNREACHABLE_CODE = YES;
				CLANG_WARN__DUPLICATE_METHOD_MATCH = YES;
				COPY_PHASE_STRIP = NO;
				DEBUG_INFORMATION_FORMAT = dwarf;
				ENABLE_STRICT_OBJC_MSGSEND = YES;
				ENABLE_TESTABILITY = YES;
				GCC_C_LANGUAGE_STANDARD = gnu11;
				GCC_DYNAMIC_NO_PIC = NO;
				GCC_NO_COMMON_BLOCKS = YES;
				GCC_OPTIMIZATION_LEVEL = 0;
				GCC_PREPROCESSOR_DEFINITIONS = (
					"DEBUG=1",
					"$(inherited)",
				);
				GCC_WARN_64_TO_32_BIT_CONVERSION = YES;
				GCC_WARN_ABOUT_RETURN_TYPE = YES_ERROR;
				GCC_WARN_UNDECLARED_SELECTOR = YES;
				GCC_WARN_UNINITIALIZED_AUTOS = YES_AGGRESSIVE;
				GCC_WARN_UNUSED_FUNCTION = YES;
				GCC_WARN_UNUSED_VARIABLE = YES;
				IPHONEOS_DEPLOYMENT_TARGET = 13.2;
				MTL_ENABLE_DEBUG_INFO = INCLUDE_SOURCE;
				MTL_FAST_MATH = YES;
				ONLY_ACTIVE_ARCH = YES;
				SDKROOT = iphoneos;
				SWIFT_ACTIVE_COMPILATION_CONDITIONS = DEBUG;
				SWIFT_OPTIMIZATION_LEVEL = "-Onone";
			};
			name = Debug;
		};
		03D56E192430075C00AF7273 /* Release */ = {
			isa = XCBuildConfiguration;
			buildSettings = {
				ALWAYS_SEARCH_USER_PATHS = NO;
				CLANG_ANALYZER_NONNULL = YES;
				CLANG_ANALYZER_NUMBER_OBJECT_CONVERSION = YES_AGGRESSIVE;
				CLANG_CXX_LANGUAGE_STANDARD = "gnu++14";
				CLANG_CXX_LIBRARY = "libc++";
				CLANG_ENABLE_MODULES = YES;
				CLANG_ENABLE_OBJC_ARC = YES;
				CLANG_ENABLE_OBJC_WEAK = YES;
				CLANG_WARN_BLOCK_CAPTURE_AUTORELEASING = YES;
				CLANG_WARN_BOOL_CONVERSION = YES;
				CLANG_WARN_COMMA = YES;
				CLANG_WARN_CONSTANT_CONVERSION = YES;
				CLANG_WARN_DEPRECATED_OBJC_IMPLEMENTATIONS = YES;
				CLANG_WARN_DIRECT_OBJC_ISA_USAGE = YES_ERROR;
				CLANG_WARN_DOCUMENTATION_COMMENTS = YES;
				CLANG_WARN_EMPTY_BODY = YES;
				CLANG_WARN_ENUM_CONVERSION = YES;
				CLANG_WARN_INFINITE_RECURSION = YES;
				CLANG_WARN_INT_CONVERSION = YES;
				CLANG_WARN_NON_LITERAL_NULL_CONVERSION = YES;
				CLANG_WARN_OBJC_IMPLICIT_RETAIN_SELF = YES;
				CLANG_WARN_OBJC_LITERAL_CONVERSION = YES;
				CLANG_WARN_OBJC_ROOT_CLASS = YES_ERROR;
				CLANG_WARN_RANGE_LOOP_ANALYSIS = YES;
				CLANG_WARN_STRICT_PROTOTYPES = YES;
				CLANG_WARN_SUSPICIOUS_MOVE = YES;
				CLANG_WARN_UNGUARDED_AVAILABILITY = YES_AGGRESSIVE;
				CLANG_WARN_UNREACHABLE_CODE = YES;
				CLANG_WARN__DUPLICATE_METHOD_MATCH = YES;
				COPY_PHASE_STRIP = NO;
				DEBUG_INFORMATION_FORMAT = "dwarf-with-dsym";
				ENABLE_NS_ASSERTIONS = NO;
				ENABLE_STRICT_OBJC_MSGSEND = YES;
				GCC_C_LANGUAGE_STANDARD = gnu11;
				GCC_NO_COMMON_BLOCKS = YES;
				GCC_WARN_64_TO_32_BIT_CONVERSION = YES;
				GCC_WARN_ABOUT_RETURN_TYPE = YES_ERROR;
				GCC_WARN_UNDECLARED_SELECTOR = YES;
				GCC_WARN_UNINITIALIZED_AUTOS = YES_AGGRESSIVE;
				GCC_WARN_UNUSED_FUNCTION = YES;
				GCC_WARN_UNUSED_VARIABLE = YES;
				IPHONEOS_DEPLOYMENT_TARGET = 13.2;
				MTL_ENABLE_DEBUG_INFO = NO;
				MTL_FAST_MATH = YES;
				SDKROOT = iphoneos;
				SWIFT_COMPILATION_MODE = wholemodule;
				SWIFT_OPTIMIZATION_LEVEL = "-O";
				VALIDATE_PRODUCT = YES;
			};
			name = Release;
		};
		03D56E1B2430075C00AF7273 /* Debug */ = {
			isa = XCBuildConfiguration;
			baseConfigurationReference = D3AA34FFB5F25E28BF1EA948 /* Pods-PandaGo-iOS.debug.xcconfig */;
			buildSettings = {
				ASSETCATALOG_COMPILER_APPICON_NAME = AppIcon;
				CODE_SIGN_STYLE = Automatic;
				DEVELOPMENT_TEAM = WG2S2TXYL2;
				INFOPLIST_FILE = "PandaGo-iOS/Info.plist";
				LD_RUNPATH_SEARCH_PATHS = (
					"$(inherited)",
					"@executable_path/Frameworks",
				);
				PRODUCT_BUNDLE_IDENTIFIER = "com.sjkim.PandaGo-iOS";
				PRODUCT_NAME = PandaGo;
				SWIFT_VERSION = 5.0;
				TARGETED_DEVICE_FAMILY = 1;
			};
			name = Debug;
		};
		03D56E1C2430075C00AF7273 /* Release */ = {
			isa = XCBuildConfiguration;
			baseConfigurationReference = 82BD1E4D5B91B114161CAB5B /* Pods-PandaGo-iOS.release.xcconfig */;
			buildSettings = {
				ASSETCATALOG_COMPILER_APPICON_NAME = AppIcon;
				CODE_SIGN_STYLE = Automatic;
				DEVELOPMENT_TEAM = WG2S2TXYL2;
				INFOPLIST_FILE = "PandaGo-iOS/Info.plist";
				LD_RUNPATH_SEARCH_PATHS = (
					"$(inherited)",
					"@executable_path/Frameworks",
				);
				PRODUCT_BUNDLE_IDENTIFIER = "com.sjkim.PandaGo-iOS";
				PRODUCT_NAME = PandaGo;
				SWIFT_VERSION = 5.0;
				TARGETED_DEVICE_FAMILY = 1;
			};
			name = Release;
		};
/* End XCBuildConfiguration section */

/* Begin XCConfigurationList section */
		03D56E012430075B00AF7273 /* Build configuration list for PBXProject "PandaGo-iOS" */ = {
			isa = XCConfigurationList;
			buildConfigurations = (
				03D56E182430075C00AF7273 /* Debug */,
				03D56E192430075C00AF7273 /* Release */,
			);
			defaultConfigurationIsVisible = 0;
			defaultConfigurationName = Release;
		};
		03D56E1A2430075C00AF7273 /* Build configuration list for PBXNativeTarget "PandaGo-iOS" */ = {
			isa = XCConfigurationList;
			buildConfigurations = (
				03D56E1B2430075C00AF7273 /* Debug */,
				03D56E1C2430075C00AF7273 /* Release */,
			);
			defaultConfigurationIsVisible = 0;
			defaultConfigurationName = Release;
		};
/* End XCConfigurationList section */
	};
	rootObject = 03D56DFE2430075B00AF7273 /* Project object */;
}
